{
    "name": "import-issue",
    "version": "1.0.0",
    "lockfileVersion": 3,
    "requires": true,
    "packages": {
        "": {
            "name": "import-issue",
            "version": "1.0.0",
            "license": "ISC",
            "dependencies": {
                "chess.js": "^1.0.0-beta.4",
                "typescript": "^5.0.2"
            }
        },
        "node_modules/chess.js": {
            "version": "1.0.0-beta.4",
            "resolved": "https://registry.npmjs.org/chess.js/-/chess.js-1.0.0-beta.4.tgz",
            "integrity": "sha512-ylSNnm/pNZ96UuZJIQ2cfq0RUQCpOIkid8amXE7Dq7MRPWnPQLlz97oYmGOF5J9yjtU+imqv2mUcsPz+xajNmg=="
        },
        "node_modules/typescript": {
            "version": "5.0.2",
            "resolved": "https://registry.npmjs.org/typescript/-/typescript-5.0.2.tgz",
            "integrity": "sha512-wVORMBGO/FAs/++blGNeAVdbNKtIh1rbBL2EyQ1+J9lClJ93KiiKe8PmFIVdXhHcyv44SL9oglmfeSsndo0jRw==",
            "bin": {
                "tsc": "bin/tsc",
                "tsserver": "bin/tsserver"
            },
            "engines": {
                "node": ">=12.20"
            }
        }
    }
}
